<?xml version="1.0" encoding="UTF-8"?>
<Scheme
   LastUpgradeVersion = "1120"
   version = "1.3">
   <BuildAction
      parallelizeBuildables = "YES"
      buildImplicitDependencies = "YES">
      <BuildActionEntries>
         <BuildActionEntry
            buildForTesting = "YES"
            buildForRunning = "YES"
            buildForProfiling = "YES"
            buildForArchiving = "YES"
            buildForAnalyzing = "YES">
            <BuildableReference
               BuildableIdentifier = "primary"
               BlueprintIdentifier = "B7873F682412CF9100E8F87D"
               BuildableName = "CV-MVVM-SwiftUI.app"
               BlueprintName = "CV-MVVM-SwiftUI"
               ReferencedContainer = "container:CV-MVVM-SwiftUI.xcodeproj">
            </BuildableReference>
         </BuildActionEntry>
      </BuildActionEntries>
   </BuildAction>
   <TestAction
      buildConfiguration = "Debug"
      selectedDebuggerIdentifier = "Xcode.DebuggerFoundation.Debugger.LLDB"
      selectedLauncherIdentifier = "Xcode.DebuggerFoundation.Launcher.LLDB"
      shouldUseLaunchSchemeArgsEnv = "YES">
      <Testables>
         <TestableReference
            skipped = "NO">
            <BuildableReference
               BuildableIdentifier = "primary"
               BlueprintIdentifier = "B7873F7E2412CF9300E8F87D"
               BuildableName = "CV-MVVM-SwiftUITests.xctest"
               BlueprintName = "CV-MVVM-SwiftUITests"
               ReferencedContainer = "container:CV-MVVM-SwiftUI.xcodeproj">
            </BuildableReference>
         </TestableReference>
         <TestableReference
            skipped = "NO">
            <BuildableReference
               BuildableIdentifier = "primary"
               BlueprintIdentifier = "B7873F892412CF9300E8F87D"
               BuildableName = "CV-MVVM-SwiftUIUITests.xctest"
               BlueprintName = "CV-MVVM-SwiftUIUITests"
               ReferencedContainer = "container:CV-MVVM-SwiftUI.xcodeproj">
            </BuildableReference>
         </TestableReference>
      </Testables>
   </TestAction>
   <LaunchAction
      buildConfiguration = "Debug"
      selectedDebuggerIdentifier = "Xcode.DebuggerFoundation.Debugger.LLDB"
      selectedLauncherIdentifier = "Xcode.DebuggerFoundation.Launcher.LLDB"
      launchStyle = "0"
      useCustomWorkingDirectory = "NO"
      ignoresPersistentStateOnLaunch = "NO"
      debugDocumentVersioning = "YES"
      debugServiceExtension = "internal"
      allowLocationSimulation = "YES">
      <BuildableProductRunnable
         runnableDebuggingMode = "0">
         <BuildableReference
            BuildableIdentifier = "primary"
            BlueprintIdentifier = "B7873F682412CF9100E8F87D"
            BuildableName = "CV-MVVM-SwiftUI.app"
            BlueprintName = "CV-MVVM-SwiftUI"
            ReferencedContainer = "container:CV-MVVM-SwiftUI.xcodeproj">
         </BuildableReference>
      </BuildableProductRunnable>
      <CommandLineArguments>
         <CommandLineArgument
            argument = "--force_get_cv_response"
            isEnabled = "NO">
         </CommandLineArgument>
      </CommandLineArguments>
      <EnvironmentVariables>
         <EnvironmentVariable
            key = "IMAGE_DIFF_DIR"
            value = "$(SOURCE_ROOT)/$(PROJECT_NAME)UITests/Screenshots/FailureDiffs"
            isEnabled = "YES">
         </EnvironmentVariable>
         <EnvironmentVariable
            key = "FB_REFERENCE_IMAGE_DIR"
            value = "$(SOURCE_ROOT)/$(PROJECT_NAME)UITests/Screenshots/ReferenceImages"
            isEnabled = "YES">
         </EnvironmentVariable>
      </EnvironmentVariables>
   </LaunchAction>
   <ProfileAction
      buildConfiguration = "Release"
      shouldUseLaunchSchemeArgsEnv = "YES"
      savedToolIdentifier = ""
      useCustomWorkingDirectory = "NO"
      debugDocumentVersioning = "YES">
      <BuildableProductRunnable
         runnableDebuggingMode = "0">
         <BuildableReference
            BuildableIdentifier = "primary"
            BlueprintIdentifier = "B7873F682412CF9100E8F87D"
            BuildableName = "CV-MVVM-SwiftUI.app"
            BlueprintName = "CV-MVVM-SwiftUI"
            ReferencedContainer = "container:CV-MVVM-SwiftUI.xcodeproj">
         </BuildableReference>
      </BuildableProductRunnable>
   </ProfileAction>
   <AnalyzeAction
      buildConfiguration = "Debug">
   </AnalyzeAction>
   <ArchiveAction
      buildConfiguration = "Release"
      revealArchiveInOrganizer = "YES">
   </ArchiveAction>
</Scheme>
